
Microsoft Visual Studio Solution File, Format Version 12.00
# Visual Studio Version 17
VisualStudioVersion = 17.1.32328.378
MinimumVisualStudioVersion = 10.0.40219.1
Project("{FAE04EC0-301F-11D3-BF4B-00C04F79EFBC}") = "lab9", "lab9\lab9.csproj", "{FE6A3E16-E060-4066-A6AB-99DB4E9D95B0}"
EndProject
Global
	GlobalSection(SolutionConfigurationPlatforms) = preSolution
		Debug|Any CPU = Debug|Any CPU
		Release|Any CPU = Release|Any CPU
	EndGlobalSection
	GlobalSection(ProjectConfigurationPlatforms) = postSolution
		{FE6A3E16-E060-4066-A6AB-99DB4E9D95B0}.Debug|Any CPU.ActiveCfg = Debug|Any CPU
		{FE6A3E16-E060-4066-A6AB-99DB4E9D95B0}.Debug|Any CPU.Build.0 = Debug|Any CPU
		{FE6A3E16-E060-4066-A6AB-99DB4E9D95B0}.Release|Any CPU.ActiveCfg = Release|Any CPU
		{FE6A3E16-E060-4066-A6AB-99DB4E9D95B0}.Release|Any CPU.Build.0 = Release|Any CPU
	EndGlobalSection
	GlobalSection(SolutionProperties) = preSolution
		HideSolutionNode = FALSE
	EndGlobalSection
	GlobalSection(ExtensibilityGlobals) = postSolution
		SolutionGuid = {608BAC3B-E89C-4BB1-87F9-E29206234D6F}
	EndGlobalSection
EndGlobal
